# This lock file was generated by conda-lock (https://github.com/conda/conda-lock). DO NOT EDIT!
#
# A "lock file" contains a concrete list of package versions (with checksums) to be installed. Unlike
# e.g. `conda env create`, the resulting environment will not change as new package versions become
# available, unless you explicitly update the lock file.
#
# Install this environment as "YOURENV" with:
#     conda-lock install -n YOURENV --file py310-typing-conda-lock.yml
# To update a single package to the latest version compatible with the version constraints in the source:
#     conda-lock lock  --lockfile py310-typing-conda-lock.yml --update PACKAGE
# To re-solve the entire environment, e.g. after changing a version constraint in the source file:
#     conda-lock -f ../py310-typing.yaml --lockfile py310-typing-conda-lock.yml
version: 1
metadata:
  content_hash:
    osx-64: ceb34ea0da61e7d19752ccb3d8ac288a496ec0c00b54569feb9f30c44be7bb37
  channels:
  - url: conda-forge
    used_env_vars: []
  platforms:
  - osx-64
  sources:
  - ../py310-typing.yaml
package:
- name: bzip2
  version: 1.0.8
  manager: conda
  platform: osx-64
  dependencies: {}
  url: https://conda.anaconda.org/conda-forge/osx-64/bzip2-1.0.8-h0d85af4_4.tar.bz2
  hash:
    md5: 37edc4e6304ca87316e160f5ca0bd1b5
    sha256: 60ba4c64f5d0afca0d283c7addba577d3e2efc0db86002808dadb0498661b2f2
  category: main
  optional: false
- name: ca-certificates
  version: 2023.5.7
  manager: conda
  platform: osx-64
  dependencies: {}
  url: https://conda.anaconda.org/conda-forge/osx-64/ca-certificates-2023.5.7-h8857fd0_0.conda
  hash:
    md5: b704e4b79ba0d887c4870b7b09d6a4df
    sha256: a06c9c788de81da3a3868ac56781680cc1fc50a0b5a545d4453818975c141b2c
  category: main
  optional: false
- name: font-ttf-dejavu-sans-mono
  version: '2.37'
  manager: conda
  platform: osx-64
  dependencies: {}
  url: https://conda.anaconda.org/conda-forge/noarch/font-ttf-dejavu-sans-mono-2.37-hab24e00_0.tar.bz2
  hash:
    md5: 0c96522c6bdaed4b1566d11387caaf45
    sha256: 58d7f40d2940dd0a8aa28651239adbf5613254df0f75789919c4e6762054403b
  category: main
  optional: false
- name: font-ttf-inconsolata
  version: '3.000'
  manager: conda
  platform: osx-64
  dependencies: {}
  url: https://conda.anaconda.org/conda-forge/noarch/font-ttf-inconsolata-3.000-h77eed37_0.tar.bz2
  hash:
    md5: 34893075a5c9e55cdafac56607368fc6
    sha256: c52a29fdac682c20d252facc50f01e7c2e7ceac52aa9817aaf0bb83f7559ec5c
  category: main
  optional: false
- name: font-ttf-source-code-pro
  version: '2.038'
  manager: conda
  platform: osx-64
  dependencies: {}
  url: https://conda.anaconda.org/conda-forge/noarch/font-ttf-source-code-pro-2.038-h77eed37_0.tar.bz2
  hash:
    md5: 4d59c254e01d9cde7957100457e2d5fb
    sha256: 00925c8c055a2275614b4d983e1df637245e19058d79fc7dd1a93b8d9fb4b139
  category: main
  optional: false
- name: font-ttf-ubuntu
  version: '0.83'
  manager: conda
  platform: osx-64
  dependencies: {}
  url: https://conda.anaconda.org/conda-forge/noarch/font-ttf-ubuntu-0.83-hab24e00_0.tar.bz2
  hash:
    md5: 19410c3df09dfb12d1206132a1d357c5
    sha256: 470d5db54102bd51dbb0c5990324a2f4a0bc976faa493b22193338adb9882e2e
  category: main
  optional: false
- name: fribidi
  version: 1.0.10
  manager: conda
  platform: osx-64
  dependencies: {}
  url: https://conda.anaconda.org/conda-forge/osx-64/fribidi-1.0.10-hbcb3906_0.tar.bz2
  hash:
    md5: f1c6b41e0f56998ecd9a3e210faa1dc0
    sha256: 4f6db86ecc4984cd4ac88ca52030726c3cfd11a64dfb15c8602025ee3001a2b5
  category: main
  optional: false
- name: giflib
  version: 5.2.1
  manager: conda
  platform: osx-64
  dependencies: {}
  url: https://conda.anaconda.org/conda-forge/osx-64/giflib-5.2.1-hb7f2c08_3.conda
  hash:
    md5: aca150b0186836f893ebac79019e5498
    sha256: 47515e0874bcf67e438e1d5d093b074c1781f055067195f0d00a7790a56d446d
  category: main
  optional: false
- name: icu
  version: '72.1'
  manager: conda
  platform: osx-64
  dependencies: {}
  url: https://conda.anaconda.org/conda-forge/osx-64/icu-72.1-h7336db1_0.conda
  hash:
    md5: c9689510a50a4bb2ae978421671a125e
    sha256: 3813b724fa741c63bf15698a716a9b9f4243a469cb658cdd47a1a9a602aa579e
  category: main
  optional: false
- name: libcxx
  version: 16.0.6
  manager: conda
  platform: osx-64
  dependencies: {}
  url: https://conda.anaconda.org/conda-forge/osx-64/libcxx-16.0.6-hd57cbcb_0.conda
  hash:
    md5: 7d6972792161077908b62971802f289a
    sha256: 9063271847cf05f3a6cc6cae3e7f0ced032ab5f3a3c9d3f943f876f39c5c2549
  category: main
  optional: false
- name: libdeflate
  version: '1.18'
  manager: conda
  platform: osx-64
  dependencies: {}
  url: https://conda.anaconda.org/conda-forge/osx-64/libdeflate-1.18-hac1461d_0.conda
  hash:
    md5: 3d131584456b277ce0871e6481fde49b
    sha256: b985178bc45f83259c99026d988448277e17171801945769396e2577ce59778c
  category: main
  optional: false
- name: libexpat
  version: 2.5.0
  manager: conda
  platform: osx-64
  dependencies: {}
  url: https://conda.anaconda.org/conda-forge/osx-64/libexpat-2.5.0-hf0c8a7f_1.conda
  hash:
    md5: 6c81cb022780ee33435cca0127dd43c9
    sha256: 80024bd9f44d096c4cc07fb2bac76b5f1f7553390112dab3ad6acb16a05f0b96
  category: main
  optional: false
- name: libffi
  version: 3.4.2
  manager: conda
  platform: osx-64
  dependencies: {}
  url: https://conda.anaconda.org/conda-forge/osx-64/libffi-3.4.2-h0d85af4_5.tar.bz2
  hash:
    md5: ccb34fb14960ad8b125962d3d79b31a9
    sha256: 7a2d27a936ceee6942ea4d397f9c7d136f12549d86f7617e8b6bad51e01a941f
  category: main
  optional: false
- name: libiconv
  version: '1.17'
  manager: conda
  platform: osx-64
  dependencies: {}
  url: https://conda.anaconda.org/conda-forge/osx-64/libiconv-1.17-hac89ed1_0.tar.bz2
  hash:
    md5: 691d103d11180486154af49c037b7ed9
    sha256: 4a3294037d595754f7da7c11a41f3922f995aaa333f3cb66f02d8afa032a7bc2
  category: main
  optional: false
- name: libjpeg-turbo
  version: 2.1.5.1
  manager: conda
  platform: osx-64
  dependencies: {}
  url: https://conda.anaconda.org/conda-forge/osx-64/libjpeg-turbo-2.1.5.1-hb7f2c08_0.conda
  hash:
    md5: d7309a152b9b79799063b8bb47e34a3a
    sha256: 38288e83201639983d3e158a1e8f638334298a0ca3a59dbb188651c874fd6077
  category: main
  optional: false
- name: libtool
  version: 2.4.7
  manager: conda
  platform: osx-64
  dependencies: {}
  url: https://conda.anaconda.org/conda-forge/osx-64/libtool-2.4.7-hf0c8a7f_0.conda
  hash:
    md5: 1f87b8f56ae1210c77f6133705ef24af
    sha256: 0827bcf84a243ca6dd47901caa607262a0184d6048a7cf444b26aa8ee80eb066
  category: main
  optional: false
- name: libwebp-base
  version: 1.3.1
  manager: conda
  platform: osx-64
  dependencies: {}
  url: https://conda.anaconda.org/conda-forge/osx-64/libwebp-base-1.3.1-h0dc2134_0.conda
  hash:
    md5: a25a41b5be3fed4b671a58b998dcf89b
    sha256: ff0fb385d85dae7c4ba61d28990c32f2f2686b14e503dfb956a0c076e30d59e6
  category: main
  optional: false
- name: libzlib
  version: 1.2.13
  manager: conda
  platform: osx-64
  dependencies: {}
  url: https://conda.anaconda.org/conda-forge/osx-64/libzlib-1.2.13-h8a1eda9_5.conda
  hash:
    md5: 4a3ad23f6e16f99c04e166767193d700
    sha256: fc58ad7f47ffea10df1f2165369978fba0a1cc32594aad778f5eec725f334867
  category: main
  optional: false
- name: llvm-openmp
  version: 16.0.6
  manager: conda
  platform: osx-64
  dependencies: {}
  url: https://conda.anaconda.org/conda-forge/osx-64/llvm-openmp-16.0.6-hff08bdf_0.conda
  hash:
    md5: 39a5227d906f75102bf8586741690128
    sha256: 0fbcf1c9e15dbb22d337063550ebcadbeb96b2a012e633f80255c8c720e4f832
  category: main
  optional: false
- name: ncurses
  version: '6.4'
  manager: conda
  platform: osx-64
  dependencies: {}
  url: https://conda.anaconda.org/conda-forge/osx-64/ncurses-6.4-hf0c8a7f_0.conda
  hash:
    md5: c3dbae2411164d9b02c69090a9a91857
    sha256: 7841b1fce1ffb0bfb038f9687b92f04d64acab1f7cb96431972386ea98c7b2fd
  category: main
  optional: false
- name: pixman
  version: 0.40.0
  manager: conda
  platform: osx-64
  dependencies: {}
  url: https://conda.anaconda.org/conda-forge/osx-64/pixman-0.40.0-hbcb3906_0.tar.bz2
  hash:
    md5: 09a583a6f172715be21d93aaa1b42d71
    sha256: 50646988679b823958bd99983a9e66fce58a7368fa2bab5712efb5c7ce6199af
  category: main
  optional: false
- name: python_abi
  version: '3.10'
  manager: conda
  platform: osx-64
  dependencies: {}
  url: https://conda.anaconda.org/conda-forge/osx-64/python_abi-3.10-3_cp310.conda
  hash:
    md5: 42da9b0138e911cd5b2f75b0278e26dc
    sha256: 0a66852c47be6b28b70bde29891a71d047730c723355d44b0da48db79fb99eb1
  category: main
  optional: false
- name: tzdata
  version: 2023c
  manager: conda
  platform: osx-64
  dependencies: {}
  url: https://conda.anaconda.org/conda-forge/noarch/tzdata-2023c-h71feb2d_0.conda
  hash:
    md5: 939e3e74d8be4dac89ce83b20de2492a
    sha256: 0449138224adfa125b220154408419ec37c06b0b49f63c5954724325903ecf55
  category: main
  optional: false
- name: xz
  version: 5.2.6
  manager: conda
  platform: osx-64
  dependencies: {}
  url: https://conda.anaconda.org/conda-forge/osx-64/xz-5.2.6-h775f41a_0.tar.bz2
  hash:
    md5: a72f9d4ea13d55d745ff1ed594747f10
    sha256: eb09823f34cc2dd663c0ec4ab13f246f45dcd52e5b8c47b9864361de5204a1c8
  category: main
  optional: false
- name: yaml
  version: 0.2.5
  manager: conda
  platform: osx-64
  dependencies: {}
  url: https://conda.anaconda.org/conda-forge/osx-64/yaml-0.2.5-h0d85af4_2.tar.bz2
  hash:
    md5: d7e08fcf8259d742156188e8762b4d20
    sha256: 5301417e2c8dea45b401ffee8df3957d2447d4ce80c83c5ff151fc6bfe1c4148
  category: main
  optional: false
- name: expat
  version: 2.5.0
  manager: conda
  platform: osx-64
  dependencies:
    libexpat: 2.5.0
  url: https://conda.anaconda.org/conda-forge/osx-64/expat-2.5.0-hf0c8a7f_1.conda
  hash:
    md5: e12630038077877cbb6c7851e139c17c
    sha256: 15c04a5a690b337b50fb7550cce057d843cf94dd0109d576ec9bc3448a8571d0
  category: main
  optional: false
- name: fonts-conda-forge
  version: '1'
  manager: conda
  platform: osx-64
  dependencies:
    font-ttf-dejavu-sans-mono: ''
    font-ttf-inconsolata: ''
    font-ttf-source-code-pro: ''
    font-ttf-ubuntu: ''
  url: https://conda.anaconda.org/conda-forge/noarch/fonts-conda-forge-1-0.tar.bz2
  hash:
    md5: f766549260d6815b0c52253f1fb1bb29
    sha256: 53f23a3319466053818540bcdf2091f253cbdbab1e0e9ae7b9e509dcaa2a5e38
  category: main
  optional: false
- name: gettext
  version: 0.21.1
  manager: conda
  platform: osx-64
  dependencies:
    libiconv: '>=1.17,<2.0a0'
  url: https://conda.anaconda.org/conda-forge/osx-64/gettext-0.21.1-h8a4c099_0.tar.bz2
  hash:
    md5: 1e3aff29ce703d421c43f371ad676cc5
    sha256: 915d3cd2d777b9b3fc2e87a25901b8e4a6aa1b2b33cf2ba54e9e9ed4f6b67d94
  category: main
  optional: false
- name: graphite2
  version: 1.3.13
  manager: conda
  platform: osx-64
  dependencies:
    libcxx: '>=10.0.1'
  url: https://conda.anaconda.org/conda-forge/osx-64/graphite2-1.3.13-h2e338ed_1001.tar.bz2
  hash:
    md5: 5f6e7f98caddd0fc2d345b207531814c
    sha256: 1dba68533e6888c5e2a7e37119a77d6f388fb82721c530ba3bd28d541828e59b
  category: main
  optional: false
- name: lerc
  version: 4.0.0
  manager: conda
  platform: osx-64
  dependencies:
    libcxx: '>=13.0.1'
  url: https://conda.anaconda.org/conda-forge/osx-64/lerc-4.0.0-hb486fe8_0.tar.bz2
  hash:
    md5: f9d6a4c82889d5ecedec1d90eb673c55
    sha256: e41790fc0f4089726369b3c7f813117bbc14b533e0ed8b94cf75aba252e82497
  category: main
  optional: false
- name: libgfortran5
  version: 12.2.0
  manager: conda
  platform: osx-64
  dependencies:
    llvm-openmp: '>=8.0.0'
  url: https://conda.anaconda.org/conda-forge/osx-64/libgfortran5-12.2.0-he409387_31.conda
  hash:
    md5: 5a544130e584b1f204ac896ff071d5b3
    sha256: 42ae06bbb3cf7f7c3194482894f4287fad7bc39214d1a0dbf0c43f8efb8d3c1a
  category: main
  optional: false
- name: libpng
  version: 1.6.39
  manager: conda
  platform: osx-64
  dependencies:
    libzlib: '>=1.2.13,<1.3.0a0'
  url: https://conda.anaconda.org/conda-forge/osx-64/libpng-1.6.39-ha978bb4_0.conda
  hash:
    md5: 35e4928794c5391aec14ffdf1deaaee5
    sha256: 5ad9f5e96e6770bfc8b0a826f48835e7f337c2d2e9512d76027a62f9c120b2a3
  category: main
  optional: false
- name: libsqlite
  version: 3.42.0
  manager: conda
  platform: osx-64
  dependencies:
    libzlib: '>=1.2.13,<1.3.0a0'
  url: https://conda.anaconda.org/conda-forge/osx-64/libsqlite-3.42.0-h58db7d2_0.conda
  hash:
    md5: a7d3b44b7b0c9901ac7813b7a0462893
    sha256: 182689f4b1a5ed638cd615c7774e1a9974842bc127c59173f1d25e31a8795eef
  category: main
  optional: false
- name: libxml2
  version: 2.11.4
  manager: conda
  platform: osx-64
  dependencies:
    icu: '>=72.1,<73.0a0'
    libiconv: '>=1.17,<2.0a0'
    libzlib: '>=1.2.13,<1.3.0a0'
    xz: '>=5.2.6,<6.0a0'
  url: https://conda.anaconda.org/conda-forge/osx-64/libxml2-2.11.4-hd95e348_0.conda
  hash:
    md5: 681f8dda25e73a830d774a37b9839c85
    sha256: d113eeafcbbb4ee5086b31b45adac5818394dc9759e3e1d9fb95114a852ef535
  category: main
  optional: false
- name: ninja
  version: 1.11.1
  manager: conda
  platform: osx-64
  dependencies:
    libcxx: '>=14.0.6'
  url: https://conda.anaconda.org/conda-forge/osx-64/ninja-1.11.1-hb8565cd_0.conda
  hash:
    md5: 49ad513efe39447aa51affd47e3aa68f
    sha256: 6f738d9a26fa275317b95b2b96832daab9059ef64af9a338f904a3cb684ae426
  category: main
  optional: false
- name: openssl
  version: 3.1.1
  manager: conda
  platform: osx-64
  dependencies:
    ca-certificates: ''
  url: https://conda.anaconda.org/conda-forge/osx-64/openssl-3.1.1-h8a1eda9_1.conda
  hash:
    md5: c7822d6ee74e34af1fd74365cfd18983
    sha256: 67855f92bf50f24cbbc44879864d7a040b1f351e95b599cfcf4cc49b2cc3fd08
  category: main
  optional: false
- name: pcre2
  version: '10.40'
  manager: conda
  platform: osx-64
  dependencies:
    bzip2: '>=1.0.8,<2.0a0'
    libzlib: '>=1.2.12,<1.3.0a0'
  url: https://conda.anaconda.org/conda-forge/osx-64/pcre2-10.40-h1c4e4bc_0.tar.bz2
  hash:
    md5: e0f80c8f3a0352a54eddfe59cd2b25b1
    sha256: 60265b48c96decbea89a19a7bc34be88d9b95d4725fd4dbdae158529c601875a
  category: main
  optional: false
- name: readline
  version: '8.2'
  manager: conda
  platform: osx-64
  dependencies:
    ncurses: '>=6.3,<7.0a0'
  url: https://conda.anaconda.org/conda-forge/osx-64/readline-8.2-h9e318b2_1.conda
  hash:
    md5: f17f77f2acf4d344734bda76829ce14e
    sha256: 41e7d30a097d9b060037f0c6a2b1d4c4ae7e942c06c943d23f9d481548478568
  category: main
  optional: false
- name: tk
  version: 8.6.12
  manager: conda
  platform: osx-64
  dependencies:
    libzlib: '>=1.2.11,<1.3.0a0'
  url: https://conda.anaconda.org/conda-forge/osx-64/tk-8.6.12-h5dbffcc_0.tar.bz2
  hash:
    md5: 8e9480d9c47061db2ed1b4ecce519a7f
    sha256: 331aa1137a264fd9cc905f04f09a161c801fe504b93da08b4e6697bd7c9ae6a6
  category: main
  optional: false
- name: zlib
  version: 1.2.13
  manager: conda
  platform: osx-64
  dependencies:
    libzlib: 1.2.13
  url: https://conda.anaconda.org/conda-forge/osx-64/zlib-1.2.13-h8a1eda9_5.conda
  hash:
    md5: 75a8a98b1c4671c5d2897975731da42d
    sha256: d1f4c82fd7bd240a78ce8905e931e68dca5f523c7da237b6b63c87d5625c5b35
  category: main
  optional: false
- name: zstd
  version: 1.5.2
  manager: conda
  platform: osx-64
  dependencies:
    libzlib: '>=1.2.13,<1.3.0a0'
  url: https://conda.anaconda.org/conda-forge/osx-64/zstd-1.5.2-h829000d_7.conda
  hash:
    md5: b274ec4dbf15a6e20900e397610567a0
    sha256: 8d6768da7c3170693c0649188e7575474046f8610d8074903cf84e403e3411e8
  category: main
  optional: false
- name: fonts-conda-ecosystem
  version: '1'
  manager: conda
  platform: osx-64
  dependencies:
    fonts-conda-forge: ''
  url: https://conda.anaconda.org/conda-forge/noarch/fonts-conda-ecosystem-1-0.tar.bz2
  hash:
    md5: fee5683a3f04bd15cbd8318b096a27ab
    sha256: a997f2f1921bb9c9d76e6fa2f6b408b7fa549edd349a77639c9fe7a23ea93e61
  category: main
  optional: false
- name: freetype
  version: 2.12.1
  manager: conda
  platform: osx-64
  dependencies:
    libpng: '>=1.6.39,<1.7.0a0'
    libzlib: '>=1.2.13,<1.3.0a0'
  url: https://conda.anaconda.org/conda-forge/osx-64/freetype-2.12.1-h3f81eb7_1.conda
  hash:
    md5: 852224ea3e8991a8342228eab274840e
    sha256: 0aea2b93d0da8bf022501857de93f2fc0e362fabcd83c4579be8d8f5bc3e17cb
  category: main
  optional: false
- name: libgfortran
  version: 5.0.0
  manager: conda
  platform: osx-64
  dependencies:
    libgfortran5: ''
  url: https://conda.anaconda.org/conda-forge/osx-64/libgfortran-5.0.0-11_3_0_h97931a8_31.conda
  hash:
    md5: 97451338600bd9c5b535eb224ef6c471
    sha256: 55d3c81ce8cd931260c3cb8c85868e36223d2bd0d5e2f35a79503810ee172769
  category: main
  optional: false
- name: libglib
  version: 2.76.4
  manager: conda
  platform: osx-64
  dependencies:
    gettext: '>=0.21.1,<1.0a0'
    libcxx: '>=15.0.7'
    libffi: '>=3.4,<4.0a0'
    libiconv: '>=1.17,<2.0a0'
    libzlib: '>=1.2.13,<1.3.0a0'
    pcre2: '>=10.40,<10.41.0a0'
  url: https://conda.anaconda.org/conda-forge/osx-64/libglib-2.76.4-hc62aa5d_0.conda
  hash:
    md5: 05c728fccc40277119bf94cf08e38384
    sha256: 8d53545974278511739df2711b59087eb7c991fb0e278864a8f5a21db04fd961
  category: main
  optional: false
- name: libtiff
  version: 4.5.1
  manager: conda
  platform: osx-64
  dependencies:
    lerc: '>=4.0.0,<5.0a0'
    libcxx: '>=15.0.7'
    libdeflate: '>=1.18,<1.19.0a0'
    libjpeg-turbo: '>=2.1.5.1,<3.0a0'
    libwebp-base: '>=1.3.0,<2.0a0'
    libzlib: '>=1.2.13,<1.3.0a0'
    xz: '>=5.2.6,<6.0a0'
    zstd: '>=1.5.2,<1.6.0a0'
  url: https://conda.anaconda.org/conda-forge/osx-64/libtiff-4.5.1-hf955e92_0.conda
  hash:
    md5: 56523ed556e3a44c0fd55bcf17045892
    sha256: 0526690c890b53419e6bbbe17dfc456789897ce9d7d79db3c4ea6568848bf6d0
  category: main
  optional: false
- name: python
  version: 3.10.12
  manager: conda
  platform: osx-64
  dependencies:
    bzip2: '>=1.0.8,<2.0a0'
    libffi: '>=3.4,<4.0a0'
    libsqlite: '>=3.42.0,<4.0a0'
    libzlib: '>=1.2.13,<1.3.0a0'
    ncurses: '>=6.4,<7.0a0'
    openssl: '>=3.1.1,<4.0a0'
    readline: '>=8.2,<9.0a0'
    tk: '>=8.6.12,<8.7.0a0'
    tzdata: ''
    xz: '>=5.2.6,<6.0a0'
  url: https://conda.anaconda.org/conda-forge/osx-64/python-3.10.12-had23ca6_0_cpython.conda
  hash:
    md5: 351b8aa0687f3510620cf06ad11229f4
    sha256: cbf1b9cf9bdba639675a1431a053f3f2babb73ca6b4329cf72dcf9cd45a29cc8
  category: main
  optional: false
- name: atk-1.0
  version: 2.38.0
  manager: conda
  platform: osx-64
  dependencies:
    libcxx: '>=14.0.4'
    libglib: '>=2.74.1,<3.0a0'
  url: https://conda.anaconda.org/conda-forge/osx-64/atk-1.0-2.38.0-h1d18e73_1.tar.bz2
  hash:
    md5: 5a538295f97a484ee332aacc131718b5
    sha256: 7af1f86cfc85b1e57547e2a81c069095545ff6a52f3f8e15184df954dce446dd
  category: main
  optional: false
- name: attrs
  version: 23.1.0
  manager: conda
  platform: osx-64
  dependencies:
    python: '>=3.7'
  url: https://conda.anaconda.org/conda-forge/noarch/attrs-23.1.0-pyh71513ae_1.conda
  hash:
    md5: 3edfead7cedd1ab4400a6c588f3e75f8
    sha256: 063639cd568f5c7a557b0fb1cc27f098598c0d8ff869088bfeb82934674f8821
  category: main
  optional: false
- name: brotli-python
  version: 1.0.9
  manager: conda
  platform: osx-64
  dependencies:
    libcxx: '>=14.0.6'
    python: '>=3.10,<3.11.0a0'
    python_abi: 3.10.*
  url: https://conda.anaconda.org/conda-forge/osx-64/brotli-python-1.0.9-py310h7a76584_9.conda
  hash:
    md5: c67beac00bdca7f4f18af799744fac95
    sha256: 65b56826c3e4ab2fbc29181814e983ef3a1b57c2ed8be997200933d620207e3b
  category: main
  optional: false
- name: certifi
  version: 2023.5.7
  manager: conda
  platform: osx-64
  dependencies:
    python: '>=3.7'
  url: https://conda.anaconda.org/conda-forge/noarch/certifi-2023.5.7-pyhd8ed1ab_0.conda
  hash:
    md5: 5d1b71c942b8421285934dad1d891ebc
    sha256: f839a6e04d94069f90dd85337ea9108f058dc76771bb469a413f32bb1ba0b256
  category: main
  optional: false
- name: charset-normalizer
  version: 3.2.0
  manager: conda
  platform: osx-64
  dependencies:
    python: '>=3.7'
  url: https://conda.anaconda.org/conda-forge/noarch/charset-normalizer-3.2.0-pyhd8ed1ab_0.conda
  hash:
    md5: 313516e9a4b08b12dfb1e1cd390a96e3
    sha256: 0666a95fbbd2299008162e2126c009191e5953d1cad1878bf9f4d8d634af1dd4
  category: main
  optional: false
- name: colorama
  version: 0.4.6
  manager: conda
  platform: osx-64
  dependencies:
    python: '>=3.7'
  url: https://conda.anaconda.org/conda-forge/noarch/colorama-0.4.6-pyhd8ed1ab_0.tar.bz2
  hash:
    md5: 3faab06a954c2a04039983f2c4a50d99
    sha256: 2c1b2e9755ce3102bca8d69e8f26e4f087ece73f50418186aee7c74bef8e1698
  category: main
  optional: false
- name: custom-inherit
  version: 2.4.1
  manager: conda
  platform: osx-64
  dependencies:
    python: '>=3.6'
  url: https://conda.anaconda.org/conda-forge/noarch/custom-inherit-2.4.1-pyhd8ed1ab_0.conda
  hash:
    md5: 1e9f7e51db5af1117d6eed6679335d3c
    sha256: 4e070524963c65c8fa6af87d59477fa075c25aca806e1beae3cdc0f494fabe5c
  category: main
  optional: false
- name: exceptiongroup
  version: 1.1.2
  manager: conda
  platform: osx-64
  dependencies:
    python: '>=3.7'
  url: https://conda.anaconda.org/conda-forge/noarch/exceptiongroup-1.1.2-pyhd8ed1ab_0.conda
  hash:
    md5: de4cb3384374e1411f0454edcf546cdb
    sha256: 7b23ea0169fa6e7c3a0867d96d9eacd312759f83e5d83ad0fcc93e85379c16ae
  category: main
  optional: false
- name: execnet
  version: 2.0.2
  manager: conda
  platform: osx-64
  dependencies:
    python: '>=3.7'
  url: https://conda.anaconda.org/conda-forge/noarch/execnet-2.0.2-pyhd8ed1ab_0.conda
  hash:
    md5: 67de0d8241e1060a479e3c37793e26f9
    sha256: 88ea68a360198af39368beecf057af6b31f0ae38071b2bdb2aa961b6ae5427c0
  category: main
  optional: false
- name: fontconfig
  version: 2.14.2
  manager: conda
  platform: osx-64
  dependencies:
    expat: '>=2.5.0,<3.0a0'
    freetype: '>=2.12.1,<3.0a0'
    libzlib: '>=1.2.13,<1.3.0a0'
  url: https://conda.anaconda.org/conda-forge/osx-64/fontconfig-2.14.2-h5bb23bf_0.conda
  hash:
    md5: 86cc5867dfbee4178118392bae4a3c89
    sha256: f63e6d1d6aef8ba6de4fc54d3d7898a153479888d40ffdf2e4cfad6f92679d34
  category: main
  optional: false
- name: gdk-pixbuf
  version: 2.42.10
  manager: conda
  platform: osx-64
  dependencies:
    libglib: '>=2.74.1,<3.0a0'
    libjpeg-turbo: '>=2.1.5.1,<3.0a0'
    libpng: '>=1.6.39,<1.7.0a0'
    libtiff: '>=4.5.0,<4.6.0a0'
    libzlib: '>=1.2.13,<1.3.0a0'
  url: https://conda.anaconda.org/conda-forge/osx-64/gdk-pixbuf-2.42.10-hff535ac_2.conda
  hash:
    md5: 405b15593c08effacec24b6c0bf74f21
    sha256: 3ac235ee1cca27b69b4d093c64c43dcf403cbca408fd7691aa814e5dacefb04b
  category: main
  optional: false
- name: gts
  version: 0.7.6
  manager: conda
  platform: osx-64
  dependencies:
    libcxx: '>=15.0.7'
    libglib: '>=2.76.3,<3.0a0'
  url: https://conda.anaconda.org/conda-forge/osx-64/gts-0.7.6-h53e17e3_4.conda
  hash:
    md5: 848cc963fcfbd063c7a023024aa3bec0
    sha256: d5b82a36f7e9d7636b854e56d1b4fe01c4d895128a7b73e2ec6945b691ff3314
  category: main
  optional: false
- name: idna
  version: '3.4'
  manager: conda
  platform: osx-64
  dependencies:
    python: '>=3.6'
  url: https://conda.anaconda.org/conda-forge/noarch/idna-3.4-pyhd8ed1ab_0.tar.bz2
  hash:
    md5: 34272b248891bddccc64479f9a7fffed
    sha256: 9887c35c374ec1847f167292d3fde023cb4c994a4ceeec283072b95440131f09
  category: main
  optional: false
- name: iniconfig
  version: 2.0.0
  manager: conda
  platform: osx-64
  dependencies:
    python: '>=3.7'
  url: https://conda.anaconda.org/conda-forge/noarch/iniconfig-2.0.0-pyhd8ed1ab_0.conda
  hash:
    md5: f800d2da156d08e289b14e87e43c1ae5
    sha256: 38740c939b668b36a50ef455b077e8015b8c9cf89860d421b3fff86048f49666
  category: main
  optional: false
- name: libopenblas
  version: 0.3.23
  manager: conda
  platform: osx-64
  dependencies:
    libgfortran: 5.*
    libgfortran5: '>=11.3.0'
    llvm-openmp: '>=14.0.6'
  url: https://conda.anaconda.org/conda-forge/osx-64/libopenblas-0.3.23-openmp_h429af6e_0.conda
  hash:
    md5: 7000a828e29608e4f57e662b5502d2c9
    sha256: fb1ba347e07145807fb1688c78b115d5eb2f4775d9eb6d991d49cb88eef174b7
  category: main
  optional: false
- name: libwebp
  version: 1.3.1
  manager: conda
  platform: osx-64
  dependencies:
    giflib: '>=5.2.1,<5.3.0a0'
    libjpeg-turbo: '>=2.1.5.1,<3.0a0'
    libpng: '>=1.6.39,<1.7.0a0'
    libtiff: '>=4.5.1,<4.6.0a0'
    libwebp-base: '>=1.3.1,<2.0a0'
  url: https://conda.anaconda.org/conda-forge/osx-64/libwebp-1.3.1-hc961f54_0.conda
  hash:
    md5: ac4284f6ef79242e1f1eeb2e6cbdffc4
    sha256: 64733d3d276f3beac29a9969ef2d125ea9de1ed69300bd0f54e2b69dfae62b75
  category: main
  optional: false
- name: markupsafe
  version: 2.1.3
  manager: conda
  platform: osx-64
  dependencies:
    python: '>=3.10,<3.11.0a0'
    python_abi: 3.10.*
  url: https://conda.anaconda.org/conda-forge/osx-64/markupsafe-2.1.3-py310h6729b98_0.conda
  hash:
    md5: b23ce1495527802905791489c3b1f129
    sha256: a893f7fcdf43fe0e44a4814ae46ade6ecac77c672bd384ce49a8b0a1025f2951
  category: main
  optional: false
- name: mypy_extensions
  version: 1.0.0
  manager: conda
  platform: osx-64
  dependencies:
    python: '>=3.5'
  url: https://conda.anaconda.org/conda-forge/noarch/mypy_extensions-1.0.0-pyha770c72_0.conda
  hash:
    md5: 4eccaeba205f0aed9ac3a9ea58568ca3
    sha256: f240217476e148e825420c6bc3a0c0efb08c0718b7042fae960400c02af858a3
  category: main
  optional: false
- name: networkx
  version: '3.1'
  manager: conda
  platform: osx-64
  dependencies:
    python: '>=3.8'
  url: https://conda.anaconda.org/conda-forge/noarch/networkx-3.1-pyhd8ed1ab_0.conda
  hash:
    md5: 254f787d5068bc89f578bf63893ce8b4
    sha256: 6b955c8530985fa727ad3323653a54af44ecf453cfdb1b549b3edff609bd3728
  category: main
  optional: false
- name: packaging
  version: '23.1'
  manager: conda
  platform: osx-64
  dependencies:
    python: '>=3.7'
  url: https://conda.anaconda.org/conda-forge/noarch/packaging-23.1-pyhd8ed1ab_0.conda
  hash:
    md5: 91cda59e66e1e4afe9476f8ef98f5c30
    sha256: ded536a96a00d45a693dbc2971bb688248324dadd129eddda2100e177583d768
  category: main
  optional: false
- name: pluggy
  version: 1.2.0
  manager: conda
  platform: osx-64
  dependencies:
    python: '>=3.8'
  url: https://conda.anaconda.org/conda-forge/noarch/pluggy-1.2.0-pyhd8ed1ab_0.conda
  hash:
    md5: 7263924c642d22e311d9e59b839f1b33
    sha256: ff1f70e0bd50693be7e2bad0efb2539f5dcc5ec4d638e787e703f28098e72de4
  category: main
  optional: false
- name: psutil
  version: 5.9.5
  manager: conda
  platform: osx-64
  dependencies:
    python: '>=3.10,<3.11.0a0'
    python_abi: 3.10.*
  url: https://conda.anaconda.org/conda-forge/osx-64/psutil-5.9.5-py310h90acd4f_0.conda
  hash:
    md5: 1111504c53989e065a98171156fc376a
    sha256: bfa0da6d3a561d1357ac7f8dfccc781d8aac6804f5697065893e423a7fffc8d0
  category: main
  optional: false
- name: pyparsing
  version: 3.1.0
  manager: conda
  platform: osx-64
  dependencies:
    python: '>=3.6'
  url: https://conda.anaconda.org/conda-forge/noarch/pyparsing-3.1.0-pyhd8ed1ab_0.conda
  hash:
    md5: d3ed087d1f7f8f5590e8e87b57a8ce64
    sha256: 18e3bd52c64f23bbc7c200fd2fc4152dd29423936dc43e8f129cb43f1af0136c
  category: main
  optional: false
- name: pysocks
  version: 1.7.1
  manager: conda
  platform: osx-64
  dependencies:
    __unix: ''
    python: '>=3.8'
  url: https://conda.anaconda.org/conda-forge/noarch/pysocks-1.7.1-pyha2e5f31_6.tar.bz2
  hash:
    md5: 2a7de29fb590ca14b5243c4c812c8025
    sha256: a42f826e958a8d22e65b3394f437af7332610e43ee313393d1cf143f0a2d274b
  category: main
  optional: false
- name: python-tzdata
  version: '2023.3'
  manager: conda
  platform: osx-64
  dependencies:
    python: '>=3.6'
  url: https://conda.anaconda.org/conda-forge/noarch/python-tzdata-2023.3-pyhd8ed1ab_0.conda
  hash:
    md5: 2590495f608a63625e165915fb4e2e34
    sha256: 0108888507014fb24573c31e4deceb61c99e63d37776dddcadd7c89b2ecae0b6
  category: main
  optional: false
- name: pytz
  version: '2023.3'
  manager: conda
  platform: osx-64
  dependencies:
    python: '>=3.6'
  url: https://conda.anaconda.org/conda-forge/noarch/pytz-2023.3-pyhd8ed1ab_0.conda
  hash:
    md5: d3076b483092a435832603243567bc31
    sha256: e4999484f21763ca4b8f92c95b22cb6d1edc1b61d0a2bb073ee2bd11f39401b9
  category: main
  optional: false
- name: pyyaml
  version: '6.0'
  manager: conda
  platform: osx-64
  dependencies:
    python: '>=3.10,<3.11.0a0'
    python_abi: 3.10.*
    yaml: '>=0.2.5,<0.3.0a0'
  url: https://conda.anaconda.org/conda-forge/osx-64/pyyaml-6.0-py310h90acd4f_5.tar.bz2
  hash:
    md5: e0ba2009f52ccda088c63dedf0d1c5ec
    sha256: ab7b2b8fef9adc4211834054d004f3e286161bb3e1dcb17d4b974fae4f87b31b
  category: main
  optional: false
- name: six
  version: 1.16.0
  manager: conda
  platform: osx-64
  dependencies:
    python: ''
  url: https://conda.anaconda.org/conda-forge/noarch/six-1.16.0-pyh6c4a22f_0.tar.bz2
  hash:
    md5: e5f25f8dbc060e9a8d912e432202afc2
    sha256: a85c38227b446f42c5b90d9b642f2c0567880c15d72492d8da074a59c8f91dd6
  category: main
  optional: false
- name: tabulate
  version: 0.9.0
  manager: conda
  platform: osx-64
  dependencies:
    python: '>=3.7'
  url: https://conda.anaconda.org/conda-forge/noarch/tabulate-0.9.0-pyhd8ed1ab_1.tar.bz2
  hash:
    md5: 4759805cce2d914c38472f70bf4d8bcb
    sha256: f6e4a0dd24ba060a4af69ca79d32361a6678e61d78c73eb5e357909b025b4620
  category: main
  optional: false
- name: termcolor
  version: 2.3.0
  manager: conda
  platform: osx-64
  dependencies:
    python: '>=3.7'
  url: https://conda.anaconda.org/conda-forge/noarch/termcolor-2.3.0-pyhd8ed1ab_0.conda
  hash:
    md5: 440d508f025b1692168caaf436504af3
    sha256: db8c38777093d87fc05dc3f57d26c171c4e4896f17a013c6f839050c989a759e
  category: main
  optional: false
- name: toml
  version: 0.10.2
  manager: conda
  platform: osx-64
  dependencies:
    python: '>=2.7'
  url: https://conda.anaconda.org/conda-forge/noarch/toml-0.10.2-pyhd8ed1ab_0.tar.bz2
  hash:
    md5: f832c45a477c78bebd107098db465095
    sha256: f0f3d697349d6580e4c2f35ba9ce05c65dc34f9f049e85e45da03800b46139c1
  category: main
  optional: false
- name: tomli
  version: 2.0.1
  manager: conda
  platform: osx-64
  dependencies:
    python: '>=3.7'
  url: https://conda.anaconda.org/conda-forge/noarch/tomli-2.0.1-pyhd8ed1ab_0.tar.bz2
  hash:
    md5: 5844808ffab9ebdb694585b50ba02a96
    sha256: 4cd48aba7cd026d17e86886af48d0d2ebc67ed36f87f6534f4b67138f5a5a58f
  category: main
  optional: false
- name: types-pytz
  version: 2023.3.0.0
  manager: conda
  platform: osx-64
  dependencies:
    python: '>=3.6'
  url: https://conda.anaconda.org/conda-forge/noarch/types-pytz-2023.3.0.0-pyhd8ed1ab_0.conda
  hash:
    md5: 2010a97e7298197221abc6295790ff62
    sha256: 5fb56cd0652e7cffc1141c66b09644f1dde588ef6dddcb47849a62d7b0186846
  category: main
  optional: false
- name: typing_extensions
  version: 4.7.1
  manager: conda
  platform: osx-64
  dependencies:
    python: '>=3.7'
  url: https://conda.anaconda.org/conda-forge/noarch/typing_extensions-4.7.1-pyha770c72_0.conda
  hash:
    md5: c39d6a09fe819de4951c2642629d9115
    sha256: 6edd6d5be690be492712cb747b6d62707f0d0c34ef56eefc796d91e5a03187d1
  category: main
  optional: false
- name: cairo
  version: 1.16.0
  manager: conda
  platform: osx-64
  dependencies:
    fontconfig: '>=2.14.2,<3.0a0'
    fonts-conda-ecosystem: ''
    freetype: '>=2.12.1,<3.0a0'
    icu: '>=72.1,<73.0a0'
    libglib: '>=2.76.2,<3.0a0'
    libpng: '>=1.6.39,<1.7.0a0'
    libzlib: '>=1.2.13,<1.3.0a0'
    pixman: '>=0.40.0,<1.0a0'
    zlib: ''
  url: https://conda.anaconda.org/conda-forge/osx-64/cairo-1.16.0-h09dd18c_1016.conda
  hash:
    md5: 8f188a1368e0d5bcb017493ee83ffaf0
    sha256: d5dec1060a78deb70ddfd89c23ee683699f743fe68f78379dc4834e2553edb37
  category: main
  optional: false
- name: coverage
  version: 7.2.7
  manager: conda
  platform: osx-64
  dependencies:
    python: '>=3.10,<3.11.0a0'
    python_abi: 3.10.*
    tomli: ''
  url: https://conda.anaconda.org/conda-forge/osx-64/coverage-7.2.7-py310h6729b98_0.conda
  hash:
    md5: d26f9a00c51aa15b80d49ddf862096f9
    sha256: 4567b0717e185f339c6ad082f4d16b5a238b5174f0f9d059f41911fb4f172831
  category: main
  optional: false
- name: importlab
  version: '0.8'
  manager: conda
  platform: osx-64
  dependencies:
    networkx: '>=2'
    python: '>=3.6'
  url: https://conda.anaconda.org/conda-forge/noarch/importlab-0.8-pyhd8ed1ab_0.conda
  hash:
    md5: a5604258cc2ebeb741482f224a5f24bf
    sha256: c19a6e4373b564a3fe75ef87dbfc40a3c144a0a11120ed4cde87c2259d806abe
  category: main
  optional: false
- name: jinja2
  version: 3.1.2
  manager: conda
  platform: osx-64
  dependencies:
    markupsafe: '>=2.0'
    python: '>=3.7'
  url: https://conda.anaconda.org/conda-forge/noarch/jinja2-3.1.2-pyhd8ed1ab_1.tar.bz2
  hash:
    md5: c8490ed5c70966d232fdd389d0dbed37
    sha256: b045faba7130ab263db6a8fdc96b1a3de5fcf85c4a607c5f11a49e76851500b5
  category: main
  optional: false
- name: libblas
  version: 3.9.0
  manager: conda
  platform: osx-64
  dependencies:
    libopenblas: '>=0.3.23,<1.0a0'
  url: https://conda.anaconda.org/conda-forge/osx-64/libblas-3.9.0-17_osx64_openblas.conda
  hash:
    md5: 65299527582e2449b05d27fcf8352125
    sha256: d2439e4f7bbe0814128d080a01f8435875cc423543184ca0096087308631d73e
  category: main
  optional: false
- name: libgd
  version: 2.3.3
  manager: conda
  platform: osx-64
  dependencies:
    expat: '>=2.5.0,<3.0a0'
    fontconfig: '>=2.14.2,<3.0a0'
    fonts-conda-ecosystem: ''
    freetype: '>=2.12.1,<3.0a0'
    icu: '>=72.1,<73.0a0'
    libiconv: '>=1.17,<2.0a0'
    libjpeg-turbo: '>=2.1.5.1,<3.0a0'
    libpng: '>=1.6.39,<1.7.0a0'
    libtiff: '>=4.5.0,<4.6.0a0'
    libwebp: ''
    libwebp-base: '>=1.3.0,<2.0a0'
    libzlib: '>=1.2.13,<1.3.0a0'
    zlib: ''
  url: https://conda.anaconda.org/conda-forge/osx-64/libgd-2.3.3-h3d994df_6.conda
  hash:
    md5: 9aaabf57991a8839e63df1ea31142218
    sha256: 5b6cafcfeecd493ee6ec70601e158e93aa6184c300daef30daba6b4f6ef7db5c
  category: main
  optional: false
- name: mypy
  version: 1.4.1
  manager: conda
  platform: osx-64
  dependencies:
    mypy_extensions: '>=0.4.3'
    psutil: '>=4.0'
    python: '>=3.10,<3.11.0a0'
    python_abi: 3.10.*
    tomli: '>=1.1.0'
    typing_extensions: '>=3.10'
  url: https://conda.anaconda.org/conda-forge/osx-64/mypy-1.4.1-py310h6729b98_0.conda
  hash:
    md5: e4c32ffdeffbd52899004ea86c566766
    sha256: 1bb358d2955cbfbb1560438732f1081eb93c670207d4d9ddd2ac60ac96325625
  category: main
  optional: false
- name: pytest
  version: 7.4.0
  manager: conda
  platform: osx-64
  dependencies:
    colorama: ''
    exceptiongroup: '>=1.0.0rc8'
    iniconfig: ''
    packaging: ''
    pluggy: '>=0.12,<2.0'
    python: '>=3.7'
    tomli: '>=1.0.0'
  url: https://conda.anaconda.org/conda-forge/noarch/pytest-7.4.0-pyhd8ed1ab_0.conda
  hash:
    md5: 3cfe9b9e958e7238a386933c75d190db
    sha256: 52b2eb4e8d0380d92d45643d0c9706725e691ce8404dab4c2db4aaf58e48a23c
  category: main
  optional: false
- name: python-dateutil
  version: 2.8.2
  manager: conda
  platform: osx-64
  dependencies:
    python: '>=3.6'
    six: '>=1.5'
  url: https://conda.anaconda.org/conda-forge/noarch/python-dateutil-2.8.2-pyhd8ed1ab_0.tar.bz2
  hash:
    md5: dd999d1cc9f79e67dbb855c8924c7984
    sha256: 54d7785c7678166aa45adeaccfc1d2b8c3c799ca2dc05d4a82bb39b1968bd7da
  category: main
  optional: false
- name: typing-extensions
  version: 4.7.1
  manager: conda
  platform: osx-64
  dependencies:
    typing_extensions: 4.7.1
  url: https://conda.anaconda.org/conda-forge/noarch/typing-extensions-4.7.1-hd8ed1ab_0.conda
  hash:
    md5: f96688577f1faa58096d06a45136afa2
    sha256: d5d19b8f5b275240c19616a46d67ec57250b3720ba88200da8c732c3fcbfc21d
  category: main
  optional: false
- name: typing_inspect
  version: 0.9.0
  manager: conda
  platform: osx-64
  dependencies:
    mypy_extensions: '>=0.3.0'
    python: '>=3.5'
    typing_extensions: '>=3.7.4'
  url: https://conda.anaconda.org/conda-forge/noarch/typing_inspect-0.9.0-pyhd8ed1ab_0.conda
  hash:
    md5: 9e924b76b91908a17e28a19a0ab88687
    sha256: 16e0b825c138e14ebc84623248d91d93a8cff29bb93595cc4aa46ca32f24f1de
  category: main
  optional: false
- name: urllib3
  version: 2.0.3
  manager: conda
  platform: osx-64
  dependencies:
    brotli-python: '>=1.0.9'
    pysocks: '>=1.5.6,<2.0,!=1.5.7'
    python: '>=3.7'
  url: https://conda.anaconda.org/conda-forge/noarch/urllib3-2.0.3-pyhd8ed1ab_1.conda
  hash:
    md5: 89efeecbb24c62e2f1ed0b8ca959ec69
    sha256: 60b64b483b2c662f946837043d95c1a5d90948464a834403b0e3bce373a96a1e
  category: main
  optional: false
- name: harfbuzz
  version: 7.3.0
  manager: conda
  platform: osx-64
  dependencies:
    cairo: '>=1.16.0,<2.0a0'
    freetype: '>=2.12.1,<3.0a0'
    graphite2: ''
    icu: '>=72.1,<73.0a0'
    libcxx: '>=15.0.7'
    libglib: '>=2.76.2,<3.0a0'
  url: https://conda.anaconda.org/conda-forge/osx-64/harfbuzz-7.3.0-h413ba03_0.conda
  hash:
    md5: 52a090078d890befdd4865270d1164ec
    sha256: 694dacf9977452654a920014406db5f4212191abce52191caa3c7cfcd376a5ce
  category: main
  optional: false
- name: libcblas
  version: 3.9.0
  manager: conda
  platform: osx-64
  dependencies:
    libblas: 3.9.0
  url: https://conda.anaconda.org/conda-forge/osx-64/libcblas-3.9.0-17_osx64_openblas.conda
  hash:
    md5: 380151ca00704172b242a63701b7bf8a
    sha256: 5c85941b55a8e897e11188ab66900eb3d83c87f6bdd0b88856733f8510fa4c91
  category: main
  optional: false
- name: libcst
  version: 0.4.9
  manager: conda
  platform: osx-64
  dependencies:
    python: '>=3.10,<3.11.0a0'
    python_abi: 3.10.*
    pyyaml: '>=5.2'
    typing_extensions: '>=3.7.4.2'
    typing_inspect: '>=0.4.0'
  url: https://conda.anaconda.org/conda-forge/osx-64/libcst-0.4.9-py310h896817c_0.tar.bz2
  hash:
    md5: 7614a6bf7f6a304a20f7618d751d94b5
    sha256: 58170dc474bb1497b604590b7d9b81feec880b674738744a76608c477853769e
  category: main
  optional: false
- name: liblapack
  version: 3.9.0
  manager: conda
  platform: osx-64
  dependencies:
    libblas: 3.9.0
  url: https://conda.anaconda.org/conda-forge/osx-64/liblapack-3.9.0-17_osx64_openblas.conda
  hash:
    md5: 6ab83532872bf3659613638589dd10af
    sha256: 7ce76f3e9578b62fbd88c094f343c1b09ec3466afccfc08347d31742e6831e97
  category: main
  optional: false
- name: module-utilities
  version: 0.5.0
  manager: conda
  platform: osx-64
  dependencies:
    python: '>=3.8'
    typing-extensions: ''
  url: https://conda.anaconda.org/conda-forge/noarch/module-utilities-0.5.0-pyhd8ed1ab_0.conda
  hash:
    md5: ba64af3d5cecd8fd7086533c7d8fafb4
    sha256: 78f13c69b7701efa040fb95b007ae4d06b97e3d1642fbfe34af79259076c72de
  category: main
  optional: false
- name: platformdirs
  version: 3.8.1
  manager: conda
  platform: osx-64
  dependencies:
    python: '>=3.7'
    typing-extensions: '>=4.6.3'
  url: https://conda.anaconda.org/conda-forge/noarch/platformdirs-3.8.1-pyhd8ed1ab_0.conda
  hash:
    md5: e76070baecfaca6ecdb5fbd5af7c9309
    sha256: b5012d6fd30f2462b6ca595539cfdae9aaf61b3b7a56e51ab94aef0fd9efcd3d
  category: main
  optional: false
- name: pytest-cov
  version: 4.1.0
  manager: conda
  platform: osx-64
  dependencies:
    coverage: '>=5.2.1'
    pytest: '>=4.6'
    python: '>=3.7'
    toml: ''
  url: https://conda.anaconda.org/conda-forge/noarch/pytest-cov-4.1.0-pyhd8ed1ab_0.conda
  hash:
    md5: 06eb685a3a0b146347a58dda979485da
    sha256: f07d3b44cabbed7843de654c4a6990a08475ce3b708bb735c7da9842614586f2
  category: main
  optional: false
- name: pytest-sugar
  version: 0.9.7
  manager: conda
  platform: osx-64
  dependencies:
    packaging: '>=21.3'
    pytest: '>=6.2.0'
    python: '>=3.7'
    termcolor: '>=2.1.0'
  url: https://conda.anaconda.org/conda-forge/noarch/pytest-sugar-0.9.7-pyhd8ed1ab_1.conda
  hash:
    md5: cc2f20b7b77466fbc41fdbe2e32f543a
    sha256: 6dee8e15621354cc4abbcc1a0b4e30cd47b6f35b82ee75ec82cbfb65bd1dccd2
  category: main
  optional: false
- name: pytest-xdist
  version: 3.3.1
  manager: conda
  platform: osx-64
  dependencies:
    execnet: '>=1.1'
    pytest: '>=6.2.0'
    python: '>=3.7'
  url: https://conda.anaconda.org/conda-forge/noarch/pytest-xdist-3.3.1-pyhd8ed1ab_0.conda
  hash:
    md5: 816073bb54ef59f33f0f26c14f88311b
    sha256: 5df2d0f1e42041476cbdf12b808890d668e7f0272b51f0f3fa7aab84732150b6
  category: main
  optional: false
- name: requests
  version: 2.31.0
  manager: conda
  platform: osx-64
  dependencies:
    certifi: '>=2017.4.17'
    charset-normalizer: '>=2,<4'
    idna: '>=2.5,<4'
    python: '>=3.7'
    urllib3: '>=1.21.1,<3'
  url: https://conda.anaconda.org/conda-forge/noarch/requests-2.31.0-pyhd8ed1ab_0.conda
  hash:
    md5: a30144e4156cdbb236f99ebb49828f8b
    sha256: 9f629d6fd3c8ac5f2a198639fe7af87c4db2ac9235279164bfe0fcb49d8c4bad
  category: main
  optional: false
- name: numpy
  version: 1.25.1
  manager: conda
  platform: osx-64
  dependencies:
    libblas: '>=3.9.0,<4.0a0'
    libcblas: '>=3.9.0,<4.0a0'
    libcxx: '>=15.0.7'
    liblapack: '>=3.9.0,<4.0a0'
    python: '>=3.10,<3.11.0a0'
    python_abi: 3.10.*
  url: https://conda.anaconda.org/conda-forge/osx-64/numpy-1.25.1-py310h7451ae0_0.conda
  hash:
    md5: 525db32fd93b63f2f7ca3ece8576b9c8
    sha256: 32fe99f86e998169999514fb7f96695fdec9215bd0e7061425c1b4e399ca2cae
  category: main
  optional: false
- name: pango
  version: 1.50.14
  manager: conda
  platform: osx-64
  dependencies:
    cairo: '>=1.16.0,<2.0a0'
    fontconfig: '>=2.14.2,<3.0a0'
    fonts-conda-ecosystem: ''
    freetype: '>=2.12.1,<3.0a0'
    fribidi: '>=1.0.10,<2.0a0'
    harfbuzz: '>=7.1.0,<8.0a0'
    libglib: '>=2.76.1,<3.0a0'
    libpng: '>=1.6.39,<1.7.0a0'
  url: https://conda.anaconda.org/conda-forge/osx-64/pango-1.50.14-hbce5e75_1.conda
  hash:
    md5: 32514c385f1a25896c5106aa99fc8a3e
    sha256: 842df6f67cd4efa31f02142c009b6d5630eafe5825121a3ac2e04b17c6b17c10
  category: main
  optional: false
- name: pooch
  version: 1.7.0
  manager: conda
  platform: osx-64
  dependencies:
    packaging: '>=20.0'
    platformdirs: '>=2.5.0'
    python: '>=3.7'
    requests: '>=2.19.0'
  url: https://conda.anaconda.org/conda-forge/noarch/pooch-1.7.0-pyha770c72_3.conda
  hash:
    md5: 5936894aade8240c867d292aa0d980c6
    sha256: 64e4d633803df2e36fd141d9bf269568fbe179a313248e1dac4d364c02debdef
  category: main
  optional: false
- name: gtk2
  version: 2.24.33
  manager: conda
  platform: osx-64
  dependencies:
    atk-1.0: '>=2.36.0'
    cairo: '>=1.16.0,<2.0.0a0'
    gdk-pixbuf: '>=2.42.6,<3.0a0'
    gettext: '>=0.19.8.1,<1.0a0'
    libglib: '>=2.70.2,<3.0a0'
    pango: '>=1.50.3,<1.51.0a0'
  url: https://conda.anaconda.org/conda-forge/osx-64/gtk2-2.24.33-h7c1209e_2.tar.bz2
  hash:
    md5: 307614630946527e302b7dd042a5cfa2
    sha256: 4f5f5116c5c81a4bfcc01ea9eb9e489346a87d7248eb44963f6552ae0fb3a984
  category: main
  optional: false
- name: librsvg
  version: 2.56.1
  manager: conda
  platform: osx-64
  dependencies:
    cairo: '>=1.16.0,<2.0a0'
    gdk-pixbuf: '>=2.42.10,<3.0a0'
    gettext: '>=0.21.1,<1.0a0'
    libglib: '>=2.76.3,<3.0a0'
    libxml2: '>=2.11.4,<2.12.0a0'
    pango: '>=1.50.14,<2.0a0'
  url: https://conda.anaconda.org/conda-forge/osx-64/librsvg-2.56.1-hec3db73_0.conda
  hash:
    md5: 19c4afb6c40241051dbbfa32fc63e0d7
    sha256: 202949d41993901e98b4e2f17ffae76fe13fe33542a553392227a7a405dc2228
  category: main
  optional: false
- name: pandas
  version: 2.0.3
  manager: conda
  platform: osx-64
  dependencies:
    libcxx: '>=15.0.7'
    numpy: '>=1.21.6,<2.0a0'
    python: '>=3.10,<3.11.0a0'
    python-dateutil: '>=2.8.1'
    python-tzdata: '>=2022a'
    python_abi: 3.10.*
    pytz: '>=2020.1'
  url: https://conda.anaconda.org/conda-forge/osx-64/pandas-2.0.3-py310h5e4fcda_1.conda
  hash:
    md5: 5b1a8f096180ca4c39ddea7ccdb9d4a7
    sha256: 797be0eff944a01ec3bbac43dbe2b860e42ae530d2f4188c05409c6f95174402
  category: main
  optional: false
- name: pandas-stubs
  version: 2.0.2.230605
  manager: conda
  platform: osx-64
  dependencies:
    numpy: '>=1.24.3'
    python: '>=3.8'
    types-pytz: '>=2022.1.1'
  url: https://conda.anaconda.org/conda-forge/noarch/pandas-stubs-2.0.2.230605-pyhd8ed1ab_2.conda
  hash:
    md5: cdfe08caaad498563f28d1772ac22d1d
    sha256: c368ef074b354097fcc0b874e7d3834afc0c16c2a4fd4dda3bbee27ddc444f59
  category: main
  optional: false
- name: scipy
  version: 1.11.1
  manager: conda
  platform: osx-64
  dependencies:
    libblas: '>=3.9.0,<4.0a0'
    libcblas: '>=3.9.0,<4.0a0'
    libcxx: '>=15.0.7'
    libgfortran: 5.*
    libgfortran5: '>=12.2.0'
    liblapack: '>=3.9.0,<4.0a0'
    numpy: '>=1.21.6,<2.0a0'
    pooch: ''
    python: '>=3.10,<3.11.0a0'
    python_abi: 3.10.*
  url: https://conda.anaconda.org/conda-forge/osx-64/scipy-1.11.1-py310h3900cf1_0.conda
  hash:
    md5: fd5099de4f1fb7b900265af639076931
    sha256: 9baf7495c19fee1f5bb7c3d98d4ccbefe7e7f8c131d4241f7e147b18e803868c
  category: main
  optional: false
- name: graphviz
  version: 8.1.0
  manager: conda
  platform: osx-64
  dependencies:
    cairo: '>=1.16.0,<2.0a0'
    expat: ''
    fontconfig: '>=2.14.2,<3.0a0'
    fonts-conda-ecosystem: ''
    freetype: '>=2.12.1,<3.0a0'
    gdk-pixbuf: '>=2.42.10,<3.0a0'
    gtk2: ''
    gts: '>=0.7.6,<0.8.0a0'
    libcxx: '>=15.0.7'
    libexpat: '>=2.5.0,<3.0a0'
    libgd: '>=2.3.3,<2.4.0a0'
    libglib: '>=2.76.4,<3.0a0'
    librsvg: '>=2.56.1,<3.0a0'
    libtool: ''
    libwebp-base: '>=1.3.1,<2.0a0'
    libzlib: '>=1.2.13,<1.3.0a0'
    pango: '>=1.50.14,<2.0a0'
    zlib: ''
  url: https://conda.anaconda.org/conda-forge/osx-64/graphviz-8.1.0-hc7f41f9_0.conda
  hash:
    md5: a840f2eb891fdc5c39c762e16ee09600
    sha256: d3b8c3662a02d7dc5afb6ac7256be1c2887f6c5ea386f798a6f033b7243f6664
  category: main
  optional: false
- name: pydot
  version: 1.4.2
  manager: conda
  platform: osx-64
  dependencies:
    graphviz: ''
    pyparsing: '>=2.1.4'
    python: '>=3.10,<3.11.0a0'
    python_abi: 3.10.*
  url: https://conda.anaconda.org/conda-forge/osx-64/pydot-1.4.2-py310h2ec42d9_3.tar.bz2
  hash:
    md5: 70b74c0b2233a61842bae7e309c4a503
    sha256: dc9dda73c9a09e1d8a51a9d549bf01727252060c47d55eecbd94232f941d677c
  category: main
  optional: false
- name: pytype
  version: 2023.06.16
  manager: conda
  platform: osx-64
  dependencies:
    attrs: '>=21.4.0'
    importlab: '>=0.8'
    jinja2: '>=3.1.2'
    libcst: 0.4.9
    libcxx: '>=15.0.7'
    networkx: <3.2
    ninja: '>=1.10.0.post2'
    pydot: '>=1.4.2'
    python: '>=3.10,<3.11.0a0'
    python_abi: 3.10.*
    tabulate: '>=0.8.10'
    toml: '>=0.10.2'
    typing-extensions: '>=4.3.0'
  url: https://conda.anaconda.org/conda-forge/osx-64/pytype-2023.06.16-py310h9e9d8ca_0.conda
  hash:
    md5: 4db561dd96693b17590f36f9a4b3f56c
    sha256: 880b2f69181e242ccb0be63d8ddd3d2f9b61978d24884e50eca5a0b860cf27c3
  category: main
  optional: false
