# This lock file was generated by conda-lock (https://github.com/conda/conda-lock). DO NOT EDIT!
#
# A "lock file" contains a concrete list of package versions (with checksums) to be installed. Unlike
# e.g. `conda env create`, the resulting environment will not change as new package versions become
# available, unless you explicitly update the lock file.
#
# Install this environment as "YOURENV" with:
#     conda-lock install -n YOURENV --file py310-test-conda-lock.yml
# To update a single package to the latest version compatible with the version constraints in the source:
#     conda-lock lock  --lockfile py310-test-conda-lock.yml --update PACKAGE
# To re-solve the entire environment, e.g. after changing a version constraint in the source file:
#     conda-lock -f ../py310-test.yaml --lockfile py310-test-conda-lock.yml
version: 1
metadata:
  content_hash:
    osx-64: 5eee8d3120a5c84efcbd0f9b45dc39e09f626670edf10f7d37bd513b3feca33c
  channels:
  - url: conda-forge
    used_env_vars: []
  platforms:
  - osx-64
  sources:
  - ../py310-test.yaml
package:
- name: bzip2
  version: 1.0.8
  manager: conda
  platform: osx-64
  dependencies: {}
  url: https://conda.anaconda.org/conda-forge/osx-64/bzip2-1.0.8-h0d85af4_4.tar.bz2
  hash:
    md5: 37edc4e6304ca87316e160f5ca0bd1b5
    sha256: 60ba4c64f5d0afca0d283c7addba577d3e2efc0db86002808dadb0498661b2f2
  category: main
  optional: false
- name: ca-certificates
  version: 2023.5.7
  manager: conda
  platform: osx-64
  dependencies: {}
  url: https://conda.anaconda.org/conda-forge/osx-64/ca-certificates-2023.5.7-h8857fd0_0.conda
  hash:
    md5: b704e4b79ba0d887c4870b7b09d6a4df
    sha256: a06c9c788de81da3a3868ac56781680cc1fc50a0b5a545d4453818975c141b2c
  category: main
  optional: false
- name: libcxx
  version: 16.0.6
  manager: conda
  platform: osx-64
  dependencies: {}
  url: https://conda.anaconda.org/conda-forge/osx-64/libcxx-16.0.6-hd57cbcb_0.conda
  hash:
    md5: 7d6972792161077908b62971802f289a
    sha256: 9063271847cf05f3a6cc6cae3e7f0ced032ab5f3a3c9d3f943f876f39c5c2549
  category: main
  optional: false
- name: libffi
  version: 3.4.2
  manager: conda
  platform: osx-64
  dependencies: {}
  url: https://conda.anaconda.org/conda-forge/osx-64/libffi-3.4.2-h0d85af4_5.tar.bz2
  hash:
    md5: ccb34fb14960ad8b125962d3d79b31a9
    sha256: 7a2d27a936ceee6942ea4d397f9c7d136f12549d86f7617e8b6bad51e01a941f
  category: main
  optional: false
- name: libzlib
  version: 1.2.13
  manager: conda
  platform: osx-64
  dependencies: {}
  url: https://conda.anaconda.org/conda-forge/osx-64/libzlib-1.2.13-h8a1eda9_5.conda
  hash:
    md5: 4a3ad23f6e16f99c04e166767193d700
    sha256: fc58ad7f47ffea10df1f2165369978fba0a1cc32594aad778f5eec725f334867
  category: main
  optional: false
- name: llvm-openmp
  version: 16.0.6
  manager: conda
  platform: osx-64
  dependencies: {}
  url: https://conda.anaconda.org/conda-forge/osx-64/llvm-openmp-16.0.6-hff08bdf_0.conda
  hash:
    md5: 39a5227d906f75102bf8586741690128
    sha256: 0fbcf1c9e15dbb22d337063550ebcadbeb96b2a012e633f80255c8c720e4f832
  category: main
  optional: false
- name: ncurses
  version: '6.4'
  manager: conda
  platform: osx-64
  dependencies: {}
  url: https://conda.anaconda.org/conda-forge/osx-64/ncurses-6.4-hf0c8a7f_0.conda
  hash:
    md5: c3dbae2411164d9b02c69090a9a91857
    sha256: 7841b1fce1ffb0bfb038f9687b92f04d64acab1f7cb96431972386ea98c7b2fd
  category: main
  optional: false
- name: python_abi
  version: '3.10'
  manager: conda
  platform: osx-64
  dependencies: {}
  url: https://conda.anaconda.org/conda-forge/osx-64/python_abi-3.10-3_cp310.conda
  hash:
    md5: 42da9b0138e911cd5b2f75b0278e26dc
    sha256: 0a66852c47be6b28b70bde29891a71d047730c723355d44b0da48db79fb99eb1
  category: main
  optional: false
- name: tzdata
  version: 2023c
  manager: conda
  platform: osx-64
  dependencies: {}
  url: https://conda.anaconda.org/conda-forge/noarch/tzdata-2023c-h71feb2d_0.conda
  hash:
    md5: 939e3e74d8be4dac89ce83b20de2492a
    sha256: 0449138224adfa125b220154408419ec37c06b0b49f63c5954724325903ecf55
  category: main
  optional: false
- name: xz
  version: 5.2.6
  manager: conda
  platform: osx-64
  dependencies: {}
  url: https://conda.anaconda.org/conda-forge/osx-64/xz-5.2.6-h775f41a_0.tar.bz2
  hash:
    md5: a72f9d4ea13d55d745ff1ed594747f10
    sha256: eb09823f34cc2dd663c0ec4ab13f246f45dcd52e5b8c47b9864361de5204a1c8
  category: main
  optional: false
- name: libgfortran5
  version: 12.2.0
  manager: conda
  platform: osx-64
  dependencies:
    llvm-openmp: '>=8.0.0'
  url: https://conda.anaconda.org/conda-forge/osx-64/libgfortran5-12.2.0-he409387_31.conda
  hash:
    md5: 5a544130e584b1f204ac896ff071d5b3
    sha256: 42ae06bbb3cf7f7c3194482894f4287fad7bc39214d1a0dbf0c43f8efb8d3c1a
  category: main
  optional: false
- name: libsqlite
  version: 3.42.0
  manager: conda
  platform: osx-64
  dependencies:
    libzlib: '>=1.2.13,<1.3.0a0'
  url: https://conda.anaconda.org/conda-forge/osx-64/libsqlite-3.42.0-h58db7d2_0.conda
  hash:
    md5: a7d3b44b7b0c9901ac7813b7a0462893
    sha256: 182689f4b1a5ed638cd615c7774e1a9974842bc127c59173f1d25e31a8795eef
  category: main
  optional: false
- name: openssl
  version: 3.1.1
  manager: conda
  platform: osx-64
  dependencies:
    ca-certificates: ''
  url: https://conda.anaconda.org/conda-forge/osx-64/openssl-3.1.1-h8a1eda9_1.conda
  hash:
    md5: c7822d6ee74e34af1fd74365cfd18983
    sha256: 67855f92bf50f24cbbc44879864d7a040b1f351e95b599cfcf4cc49b2cc3fd08
  category: main
  optional: false
- name: readline
  version: '8.2'
  manager: conda
  platform: osx-64
  dependencies:
    ncurses: '>=6.3,<7.0a0'
  url: https://conda.anaconda.org/conda-forge/osx-64/readline-8.2-h9e318b2_1.conda
  hash:
    md5: f17f77f2acf4d344734bda76829ce14e
    sha256: 41e7d30a097d9b060037f0c6a2b1d4c4ae7e942c06c943d23f9d481548478568
  category: main
  optional: false
- name: tk
  version: 8.6.12
  manager: conda
  platform: osx-64
  dependencies:
    libzlib: '>=1.2.11,<1.3.0a0'
  url: https://conda.anaconda.org/conda-forge/osx-64/tk-8.6.12-h5dbffcc_0.tar.bz2
  hash:
    md5: 8e9480d9c47061db2ed1b4ecce519a7f
    sha256: 331aa1137a264fd9cc905f04f09a161c801fe504b93da08b4e6697bd7c9ae6a6
  category: main
  optional: false
- name: libgfortran
  version: 5.0.0
  manager: conda
  platform: osx-64
  dependencies:
    libgfortran5: ''
  url: https://conda.anaconda.org/conda-forge/osx-64/libgfortran-5.0.0-11_3_0_h97931a8_31.conda
  hash:
    md5: 97451338600bd9c5b535eb224ef6c471
    sha256: 55d3c81ce8cd931260c3cb8c85868e36223d2bd0d5e2f35a79503810ee172769
  category: main
  optional: false
- name: python
  version: 3.10.12
  manager: conda
  platform: osx-64
  dependencies:
    bzip2: '>=1.0.8,<2.0a0'
    libffi: '>=3.4,<4.0a0'
    libsqlite: '>=3.42.0,<4.0a0'
    libzlib: '>=1.2.13,<1.3.0a0'
    ncurses: '>=6.4,<7.0a0'
    openssl: '>=3.1.1,<4.0a0'
    readline: '>=8.2,<9.0a0'
    tk: '>=8.6.12,<8.7.0a0'
    tzdata: ''
    xz: '>=5.2.6,<6.0a0'
  url: https://conda.anaconda.org/conda-forge/osx-64/python-3.10.12-had23ca6_0_cpython.conda
  hash:
    md5: 351b8aa0687f3510620cf06ad11229f4
    sha256: cbf1b9cf9bdba639675a1431a053f3f2babb73ca6b4329cf72dcf9cd45a29cc8
  category: main
  optional: false
- name: attrs
  version: 23.1.0
  manager: conda
  platform: osx-64
  dependencies:
    python: '>=3.7'
  url: https://conda.anaconda.org/conda-forge/noarch/attrs-23.1.0-pyh71513ae_1.conda
  hash:
    md5: 3edfead7cedd1ab4400a6c588f3e75f8
    sha256: 063639cd568f5c7a557b0fb1cc27f098598c0d8ff869088bfeb82934674f8821
  category: main
  optional: false
- name: brotli-python
  version: 1.0.9
  manager: conda
  platform: osx-64
  dependencies:
    libcxx: '>=14.0.6'
    python: '>=3.10,<3.11.0a0'
    python_abi: 3.10.*
  url: https://conda.anaconda.org/conda-forge/osx-64/brotli-python-1.0.9-py310h7a76584_9.conda
  hash:
    md5: c67beac00bdca7f4f18af799744fac95
    sha256: 65b56826c3e4ab2fbc29181814e983ef3a1b57c2ed8be997200933d620207e3b
  category: main
  optional: false
- name: certifi
  version: 2023.5.7
  manager: conda
  platform: osx-64
  dependencies:
    python: '>=3.7'
  url: https://conda.anaconda.org/conda-forge/noarch/certifi-2023.5.7-pyhd8ed1ab_0.conda
  hash:
    md5: 5d1b71c942b8421285934dad1d891ebc
    sha256: f839a6e04d94069f90dd85337ea9108f058dc76771bb469a413f32bb1ba0b256
  category: main
  optional: false
- name: charset-normalizer
  version: 3.2.0
  manager: conda
  platform: osx-64
  dependencies:
    python: '>=3.7'
  url: https://conda.anaconda.org/conda-forge/noarch/charset-normalizer-3.2.0-pyhd8ed1ab_0.conda
  hash:
    md5: 313516e9a4b08b12dfb1e1cd390a96e3
    sha256: 0666a95fbbd2299008162e2126c009191e5953d1cad1878bf9f4d8d634af1dd4
  category: main
  optional: false
- name: colorama
  version: 0.4.6
  manager: conda
  platform: osx-64
  dependencies:
    python: '>=3.7'
  url: https://conda.anaconda.org/conda-forge/noarch/colorama-0.4.6-pyhd8ed1ab_0.tar.bz2
  hash:
    md5: 3faab06a954c2a04039983f2c4a50d99
    sha256: 2c1b2e9755ce3102bca8d69e8f26e4f087ece73f50418186aee7c74bef8e1698
  category: main
  optional: false
- name: custom-inherit
  version: 2.4.1
  manager: conda
  platform: osx-64
  dependencies:
    python: '>=3.6'
  url: https://conda.anaconda.org/conda-forge/noarch/custom-inherit-2.4.1-pyhd8ed1ab_0.conda
  hash:
    md5: 1e9f7e51db5af1117d6eed6679335d3c
    sha256: 4e070524963c65c8fa6af87d59477fa075c25aca806e1beae3cdc0f494fabe5c
  category: main
  optional: false
- name: exceptiongroup
  version: 1.1.2
  manager: conda
  platform: osx-64
  dependencies:
    python: '>=3.7'
  url: https://conda.anaconda.org/conda-forge/noarch/exceptiongroup-1.1.2-pyhd8ed1ab_0.conda
  hash:
    md5: de4cb3384374e1411f0454edcf546cdb
    sha256: 7b23ea0169fa6e7c3a0867d96d9eacd312759f83e5d83ad0fcc93e85379c16ae
  category: main
  optional: false
- name: execnet
  version: 2.0.2
  manager: conda
  platform: osx-64
  dependencies:
    python: '>=3.7'
  url: https://conda.anaconda.org/conda-forge/noarch/execnet-2.0.2-pyhd8ed1ab_0.conda
  hash:
    md5: 67de0d8241e1060a479e3c37793e26f9
    sha256: 88ea68a360198af39368beecf057af6b31f0ae38071b2bdb2aa961b6ae5427c0
  category: main
  optional: false
- name: idna
  version: '3.4'
  manager: conda
  platform: osx-64
  dependencies:
    python: '>=3.6'
  url: https://conda.anaconda.org/conda-forge/noarch/idna-3.4-pyhd8ed1ab_0.tar.bz2
  hash:
    md5: 34272b248891bddccc64479f9a7fffed
    sha256: 9887c35c374ec1847f167292d3fde023cb4c994a4ceeec283072b95440131f09
  category: main
  optional: false
- name: iniconfig
  version: 2.0.0
  manager: conda
  platform: osx-64
  dependencies:
    python: '>=3.7'
  url: https://conda.anaconda.org/conda-forge/noarch/iniconfig-2.0.0-pyhd8ed1ab_0.conda
  hash:
    md5: f800d2da156d08e289b14e87e43c1ae5
    sha256: 38740c939b668b36a50ef455b077e8015b8c9cf89860d421b3fff86048f49666
  category: main
  optional: false
- name: libopenblas
  version: 0.3.23
  manager: conda
  platform: osx-64
  dependencies:
    libgfortran: 5.*
    libgfortran5: '>=11.3.0'
    llvm-openmp: '>=14.0.6'
  url: https://conda.anaconda.org/conda-forge/osx-64/libopenblas-0.3.23-openmp_h429af6e_0.conda
  hash:
    md5: 7000a828e29608e4f57e662b5502d2c9
    sha256: fb1ba347e07145807fb1688c78b115d5eb2f4775d9eb6d991d49cb88eef174b7
  category: main
  optional: false
- name: packaging
  version: '23.1'
  manager: conda
  platform: osx-64
  dependencies:
    python: '>=3.7'
  url: https://conda.anaconda.org/conda-forge/noarch/packaging-23.1-pyhd8ed1ab_0.conda
  hash:
    md5: 91cda59e66e1e4afe9476f8ef98f5c30
    sha256: ded536a96a00d45a693dbc2971bb688248324dadd129eddda2100e177583d768
  category: main
  optional: false
- name: pluggy
  version: 1.2.0
  manager: conda
  platform: osx-64
  dependencies:
    python: '>=3.8'
  url: https://conda.anaconda.org/conda-forge/noarch/pluggy-1.2.0-pyhd8ed1ab_0.conda
  hash:
    md5: 7263924c642d22e311d9e59b839f1b33
    sha256: ff1f70e0bd50693be7e2bad0efb2539f5dcc5ec4d638e787e703f28098e72de4
  category: main
  optional: false
- name: pysocks
  version: 1.7.1
  manager: conda
  platform: osx-64
  dependencies:
    __unix: ''
    python: '>=3.8'
  url: https://conda.anaconda.org/conda-forge/noarch/pysocks-1.7.1-pyha2e5f31_6.tar.bz2
  hash:
    md5: 2a7de29fb590ca14b5243c4c812c8025
    sha256: a42f826e958a8d22e65b3394f437af7332610e43ee313393d1cf143f0a2d274b
  category: main
  optional: false
- name: python-tzdata
  version: '2023.3'
  manager: conda
  platform: osx-64
  dependencies:
    python: '>=3.6'
  url: https://conda.anaconda.org/conda-forge/noarch/python-tzdata-2023.3-pyhd8ed1ab_0.conda
  hash:
    md5: 2590495f608a63625e165915fb4e2e34
    sha256: 0108888507014fb24573c31e4deceb61c99e63d37776dddcadd7c89b2ecae0b6
  category: main
  optional: false
- name: pytz
  version: '2023.3'
  manager: conda
  platform: osx-64
  dependencies:
    python: '>=3.6'
  url: https://conda.anaconda.org/conda-forge/noarch/pytz-2023.3-pyhd8ed1ab_0.conda
  hash:
    md5: d3076b483092a435832603243567bc31
    sha256: e4999484f21763ca4b8f92c95b22cb6d1edc1b61d0a2bb073ee2bd11f39401b9
  category: main
  optional: false
- name: six
  version: 1.16.0
  manager: conda
  platform: osx-64
  dependencies:
    python: ''
  url: https://conda.anaconda.org/conda-forge/noarch/six-1.16.0-pyh6c4a22f_0.tar.bz2
  hash:
    md5: e5f25f8dbc060e9a8d912e432202afc2
    sha256: a85c38227b446f42c5b90d9b642f2c0567880c15d72492d8da074a59c8f91dd6
  category: main
  optional: false
- name: termcolor
  version: 2.3.0
  manager: conda
  platform: osx-64
  dependencies:
    python: '>=3.7'
  url: https://conda.anaconda.org/conda-forge/noarch/termcolor-2.3.0-pyhd8ed1ab_0.conda
  hash:
    md5: 440d508f025b1692168caaf436504af3
    sha256: db8c38777093d87fc05dc3f57d26c171c4e4896f17a013c6f839050c989a759e
  category: main
  optional: false
- name: toml
  version: 0.10.2
  manager: conda
  platform: osx-64
  dependencies:
    python: '>=2.7'
  url: https://conda.anaconda.org/conda-forge/noarch/toml-0.10.2-pyhd8ed1ab_0.tar.bz2
  hash:
    md5: f832c45a477c78bebd107098db465095
    sha256: f0f3d697349d6580e4c2f35ba9ce05c65dc34f9f049e85e45da03800b46139c1
  category: main
  optional: false
- name: tomli
  version: 2.0.1
  manager: conda
  platform: osx-64
  dependencies:
    python: '>=3.7'
  url: https://conda.anaconda.org/conda-forge/noarch/tomli-2.0.1-pyhd8ed1ab_0.tar.bz2
  hash:
    md5: 5844808ffab9ebdb694585b50ba02a96
    sha256: 4cd48aba7cd026d17e86886af48d0d2ebc67ed36f87f6534f4b67138f5a5a58f
  category: main
  optional: false
- name: typing_extensions
  version: 4.7.1
  manager: conda
  platform: osx-64
  dependencies:
    python: '>=3.7'
  url: https://conda.anaconda.org/conda-forge/noarch/typing_extensions-4.7.1-pyha770c72_0.conda
  hash:
    md5: c39d6a09fe819de4951c2642629d9115
    sha256: 6edd6d5be690be492712cb747b6d62707f0d0c34ef56eefc796d91e5a03187d1
  category: main
  optional: false
- name: coverage
  version: 7.2.7
  manager: conda
  platform: osx-64
  dependencies:
    python: '>=3.10,<3.11.0a0'
    python_abi: 3.10.*
    tomli: ''
  url: https://conda.anaconda.org/conda-forge/osx-64/coverage-7.2.7-py310h6729b98_0.conda
  hash:
    md5: d26f9a00c51aa15b80d49ddf862096f9
    sha256: 4567b0717e185f339c6ad082f4d16b5a238b5174f0f9d059f41911fb4f172831
  category: main
  optional: false
- name: libblas
  version: 3.9.0
  manager: conda
  platform: osx-64
  dependencies:
    libopenblas: '>=0.3.23,<1.0a0'
  url: https://conda.anaconda.org/conda-forge/osx-64/libblas-3.9.0-17_osx64_openblas.conda
  hash:
    md5: 65299527582e2449b05d27fcf8352125
    sha256: d2439e4f7bbe0814128d080a01f8435875cc423543184ca0096087308631d73e
  category: main
  optional: false
- name: pytest
  version: 7.4.0
  manager: conda
  platform: osx-64
  dependencies:
    colorama: ''
    exceptiongroup: '>=1.0.0rc8'
    iniconfig: ''
    packaging: ''
    pluggy: '>=0.12,<2.0'
    python: '>=3.7'
    tomli: '>=1.0.0'
  url: https://conda.anaconda.org/conda-forge/noarch/pytest-7.4.0-pyhd8ed1ab_0.conda
  hash:
    md5: 3cfe9b9e958e7238a386933c75d190db
    sha256: 52b2eb4e8d0380d92d45643d0c9706725e691ce8404dab4c2db4aaf58e48a23c
  category: main
  optional: false
- name: python-dateutil
  version: 2.8.2
  manager: conda
  platform: osx-64
  dependencies:
    python: '>=3.6'
    six: '>=1.5'
  url: https://conda.anaconda.org/conda-forge/noarch/python-dateutil-2.8.2-pyhd8ed1ab_0.tar.bz2
  hash:
    md5: dd999d1cc9f79e67dbb855c8924c7984
    sha256: 54d7785c7678166aa45adeaccfc1d2b8c3c799ca2dc05d4a82bb39b1968bd7da
  category: main
  optional: false
- name: typing-extensions
  version: 4.7.1
  manager: conda
  platform: osx-64
  dependencies:
    typing_extensions: 4.7.1
  url: https://conda.anaconda.org/conda-forge/noarch/typing-extensions-4.7.1-hd8ed1ab_0.conda
  hash:
    md5: f96688577f1faa58096d06a45136afa2
    sha256: d5d19b8f5b275240c19616a46d67ec57250b3720ba88200da8c732c3fcbfc21d
  category: main
  optional: false
- name: urllib3
  version: 2.0.3
  manager: conda
  platform: osx-64
  dependencies:
    brotli-python: '>=1.0.9'
    pysocks: '>=1.5.6,<2.0,!=1.5.7'
    python: '>=3.7'
  url: https://conda.anaconda.org/conda-forge/noarch/urllib3-2.0.3-pyhd8ed1ab_1.conda
  hash:
    md5: 89efeecbb24c62e2f1ed0b8ca959ec69
    sha256: 60b64b483b2c662f946837043d95c1a5d90948464a834403b0e3bce373a96a1e
  category: main
  optional: false
- name: libcblas
  version: 3.9.0
  manager: conda
  platform: osx-64
  dependencies:
    libblas: 3.9.0
  url: https://conda.anaconda.org/conda-forge/osx-64/libcblas-3.9.0-17_osx64_openblas.conda
  hash:
    md5: 380151ca00704172b242a63701b7bf8a
    sha256: 5c85941b55a8e897e11188ab66900eb3d83c87f6bdd0b88856733f8510fa4c91
  category: main
  optional: false
- name: liblapack
  version: 3.9.0
  manager: conda
  platform: osx-64
  dependencies:
    libblas: 3.9.0
  url: https://conda.anaconda.org/conda-forge/osx-64/liblapack-3.9.0-17_osx64_openblas.conda
  hash:
    md5: 6ab83532872bf3659613638589dd10af
    sha256: 7ce76f3e9578b62fbd88c094f343c1b09ec3466afccfc08347d31742e6831e97
  category: main
  optional: false
- name: module-utilities
  version: 0.5.0
  manager: conda
  platform: osx-64
  dependencies:
    python: '>=3.8'
    typing-extensions: ''
  url: https://conda.anaconda.org/conda-forge/noarch/module-utilities-0.5.0-pyhd8ed1ab_0.conda
  hash:
    md5: ba64af3d5cecd8fd7086533c7d8fafb4
    sha256: 78f13c69b7701efa040fb95b007ae4d06b97e3d1642fbfe34af79259076c72de
  category: main
  optional: false
- name: platformdirs
  version: 3.8.1
  manager: conda
  platform: osx-64
  dependencies:
    python: '>=3.7'
    typing-extensions: '>=4.6.3'
  url: https://conda.anaconda.org/conda-forge/noarch/platformdirs-3.8.1-pyhd8ed1ab_0.conda
  hash:
    md5: e76070baecfaca6ecdb5fbd5af7c9309
    sha256: b5012d6fd30f2462b6ca595539cfdae9aaf61b3b7a56e51ab94aef0fd9efcd3d
  category: main
  optional: false
- name: pytest-cov
  version: 4.1.0
  manager: conda
  platform: osx-64
  dependencies:
    coverage: '>=5.2.1'
    pytest: '>=4.6'
    python: '>=3.7'
    toml: ''
  url: https://conda.anaconda.org/conda-forge/noarch/pytest-cov-4.1.0-pyhd8ed1ab_0.conda
  hash:
    md5: 06eb685a3a0b146347a58dda979485da
    sha256: f07d3b44cabbed7843de654c4a6990a08475ce3b708bb735c7da9842614586f2
  category: main
  optional: false
- name: pytest-sugar
  version: 0.9.7
  manager: conda
  platform: osx-64
  dependencies:
    packaging: '>=21.3'
    pytest: '>=6.2.0'
    python: '>=3.7'
    termcolor: '>=2.1.0'
  url: https://conda.anaconda.org/conda-forge/noarch/pytest-sugar-0.9.7-pyhd8ed1ab_1.conda
  hash:
    md5: cc2f20b7b77466fbc41fdbe2e32f543a
    sha256: 6dee8e15621354cc4abbcc1a0b4e30cd47b6f35b82ee75ec82cbfb65bd1dccd2
  category: main
  optional: false
- name: pytest-xdist
  version: 3.3.1
  manager: conda
  platform: osx-64
  dependencies:
    execnet: '>=1.1'
    pytest: '>=6.2.0'
    python: '>=3.7'
  url: https://conda.anaconda.org/conda-forge/noarch/pytest-xdist-3.3.1-pyhd8ed1ab_0.conda
  hash:
    md5: 816073bb54ef59f33f0f26c14f88311b
    sha256: 5df2d0f1e42041476cbdf12b808890d668e7f0272b51f0f3fa7aab84732150b6
  category: main
  optional: false
- name: requests
  version: 2.31.0
  manager: conda
  platform: osx-64
  dependencies:
    certifi: '>=2017.4.17'
    charset-normalizer: '>=2,<4'
    idna: '>=2.5,<4'
    python: '>=3.7'
    urllib3: '>=1.21.1,<3'
  url: https://conda.anaconda.org/conda-forge/noarch/requests-2.31.0-pyhd8ed1ab_0.conda
  hash:
    md5: a30144e4156cdbb236f99ebb49828f8b
    sha256: 9f629d6fd3c8ac5f2a198639fe7af87c4db2ac9235279164bfe0fcb49d8c4bad
  category: main
  optional: false
- name: numpy
  version: 1.25.1
  manager: conda
  platform: osx-64
  dependencies:
    libblas: '>=3.9.0,<4.0a0'
    libcblas: '>=3.9.0,<4.0a0'
    libcxx: '>=15.0.7'
    liblapack: '>=3.9.0,<4.0a0'
    python: '>=3.10,<3.11.0a0'
    python_abi: 3.10.*
  url: https://conda.anaconda.org/conda-forge/osx-64/numpy-1.25.1-py310h7451ae0_0.conda
  hash:
    md5: 525db32fd93b63f2f7ca3ece8576b9c8
    sha256: 32fe99f86e998169999514fb7f96695fdec9215bd0e7061425c1b4e399ca2cae
  category: main
  optional: false
- name: pooch
  version: 1.7.0
  manager: conda
  platform: osx-64
  dependencies:
    packaging: '>=20.0'
    platformdirs: '>=2.5.0'
    python: '>=3.7'
    requests: '>=2.19.0'
  url: https://conda.anaconda.org/conda-forge/noarch/pooch-1.7.0-pyha770c72_3.conda
  hash:
    md5: 5936894aade8240c867d292aa0d980c6
    sha256: 64e4d633803df2e36fd141d9bf269568fbe179a313248e1dac4d364c02debdef
  category: main
  optional: false
- name: pandas
  version: 2.0.3
  manager: conda
  platform: osx-64
  dependencies:
    libcxx: '>=15.0.7'
    numpy: '>=1.21.6,<2.0a0'
    python: '>=3.10,<3.11.0a0'
    python-dateutil: '>=2.8.1'
    python-tzdata: '>=2022a'
    python_abi: 3.10.*
    pytz: '>=2020.1'
  url: https://conda.anaconda.org/conda-forge/osx-64/pandas-2.0.3-py310h5e4fcda_1.conda
  hash:
    md5: 5b1a8f096180ca4c39ddea7ccdb9d4a7
    sha256: 797be0eff944a01ec3bbac43dbe2b860e42ae530d2f4188c05409c6f95174402
  category: main
  optional: false
- name: scipy
  version: 1.11.1
  manager: conda
  platform: osx-64
  dependencies:
    libblas: '>=3.9.0,<4.0a0'
    libcblas: '>=3.9.0,<4.0a0'
    libcxx: '>=15.0.7'
    libgfortran: 5.*
    libgfortran5: '>=12.2.0'
    liblapack: '>=3.9.0,<4.0a0'
    numpy: '>=1.21.6,<2.0a0'
    pooch: ''
    python: '>=3.10,<3.11.0a0'
    python_abi: 3.10.*
  url: https://conda.anaconda.org/conda-forge/osx-64/scipy-1.11.1-py310h3900cf1_0.conda
  hash:
    md5: fd5099de4f1fb7b900265af639076931
    sha256: 9baf7495c19fee1f5bb7c3d98d4ccbefe7e7f8c131d4241f7e147b18e803868c
  category: main
  optional: false
